
Microsoft Visual Studio Solution File, Format Version 12.00
# Visual Studio 15
VisualStudioVersion = 15.0.27703.2026
MinimumVisualStudioVersion = 10.0.40219.1
Project("{FAE04EC0-301F-11D3-BF4B-00C04F79EFBC}") = "StrongerTogether", "StrongerTogether\StrongerTogether.csproj", "{14E6C8FE-2D5C-4262-BEC2-CA56E34A0836}"
EndProject
Project("{FAE04EC0-301F-11D3-BF4B-00C04F79EFBC}") = "StrongerTogetherDAL", "StrongerTogetherDAL\StrongerTogetherDAL.csproj", "{BF7230F6-6B88-463F-B295-053FE3CC5045}"
EndProject
Project("{FAE04EC0-301F-11D3-BF4B-00C04F79EFBC}") = "StrongerTogetherBLL", "StrongerTogetherBLL\StrongerTogetherBLL.csproj", "{86140947-792D-4C14-8857-64A3267C37F2}"
EndProject
Global
	GlobalSection(SolutionConfigurationPlatforms) = preSolution
		Debug|Any CPU = Debug|Any CPU
		Release|Any CPU = Release|Any CPU
	EndGlobalSection
	GlobalSection(ProjectConfigurationPlatforms) = postSolution
		{14E6C8FE-2D5C-4262-BEC2-CA56E34A0836}.Debug|Any CPU.ActiveCfg = Debug|Any CPU
		{14E6C8FE-2D5C-4262-BEC2-CA56E34A0836}.Debug|Any CPU.Build.0 = Debug|Any CPU
		{14E6C8FE-2D5C-4262-BEC2-CA56E34A0836}.Release|Any CPU.ActiveCfg = Release|Any CPU
		{14E6C8FE-2D5C-4262-BEC2-CA56E34A0836}.Release|Any CPU.Build.0 = Release|Any CPU
		{BF7230F6-6B88-463F-B295-053FE3CC5045}.Debug|Any CPU.ActiveCfg = Debug|Any CPU
		{BF7230F6-6B88-463F-B295-053FE3CC5045}.Debug|Any CPU.Build.0 = Debug|Any CPU
		{BF7230F6-6B88-463F-B295-053FE3CC5045}.Release|Any CPU.ActiveCfg = Release|Any CPU
		{BF7230F6-6B88-463F-B295-053FE3CC5045}.Release|Any CPU.Build.0 = Release|Any CPU
		{86140947-792D-4C14-8857-64A3267C37F2}.Debug|Any CPU.ActiveCfg = Debug|Any CPU
		{86140947-792D-4C14-8857-64A3267C37F2}.Debug|Any CPU.Build.0 = Debug|Any CPU
		{86140947-792D-4C14-8857-64A3267C37F2}.Release|Any CPU.ActiveCfg = Release|Any CPU
		{86140947-792D-4C14-8857-64A3267C37F2}.Release|Any CPU.Build.0 = Release|Any CPU
	EndGlobalSection
	GlobalSection(SolutionProperties) = preSolution
		HideSolutionNode = FALSE
	EndGlobalSection
	GlobalSection(ExtensibilityGlobals) = postSolution
		SolutionGuid = {A6D017FC-574B-4D4A-8924-B0EB3EA5DC6D}
	EndGlobalSection
EndGlobal
